
Microsoft Visual Studio Solution File, Format Version 12.00
# Visual Studio Version 17
VisualStudioVersion = 17.5.33516.290
MinimumVisualStudioVersion = 10.0.40219.1
Project("{FAE04EC0-301F-11D3-BF4B-00C04F79EFBC}") = "EX1.1", "EX1.1\EX1.1.csproj", "{964C4A8C-738C-4753-A6F4-4A59F51392C3}"
EndProject
Global
	GlobalSection(SolutionConfigurationPlatforms) = preSolution
		Debug|Any CPU = Debug|Any CPU
		Release|Any CPU = Release|Any CPU
	EndGlobalSection
	GlobalSection(ProjectConfigurationPlatforms) = postSolution
		{964C4A8C-738C-4753-A6F4-4A59F51392C3}.Debug|Any CPU.ActiveCfg = Debug|Any CPU
		{964C4A8C-738C-4753-A6F4-4A59F51392C3}.Debug|Any CPU.Build.0 = Debug|Any CPU
		{964C4A8C-738C-4753-A6F4-4A59F51392C3}.Release|Any CPU.ActiveCfg = Release|Any CPU
		{964C4A8C-738C-4753-A6F4-4A59F51392C3}.Release|Any CPU.Build.0 = Release|Any CPU
	EndGlobalSection
	GlobalSection(SolutionProperties) = preSolution
		HideSolutionNode = FALSE
	EndGlobalSection
	GlobalSection(ExtensibilityGlobals) = postSolution
		SolutionGuid = {6FF8970C-B52B-4615-9248-6C1CA4E77003}
	EndGlobalSection
EndGlobal
