
Microsoft Visual Studio Solution File, Format Version 12.00
# Visual Studio Version 17
VisualStudioVersion = 17.5.33516.290
MinimumVisualStudioVersion = 10.0.40219.1
Project("{FAE04EC0-301F-11D3-BF4B-00C04F79EFBC}") = "EX6.2", "EX6.2\EX6.2.csproj", "{8A90DBF4-AA36-4E98-A11C-9A7B2BAB6344}"
EndProject
Global
	GlobalSection(SolutionConfigurationPlatforms) = preSolution
		Debug|Any CPU = Debug|Any CPU
		Release|Any CPU = Release|Any CPU
	EndGlobalSection
	GlobalSection(ProjectConfigurationPlatforms) = postSolution
		{8A90DBF4-AA36-4E98-A11C-9A7B2BAB6344}.Debug|Any CPU.ActiveCfg = Debug|Any CPU
		{8A90DBF4-AA36-4E98-A11C-9A7B2BAB6344}.Debug|Any CPU.Build.0 = Debug|Any CPU
		{8A90DBF4-AA36-4E98-A11C-9A7B2BAB6344}.Release|Any CPU.ActiveCfg = Release|Any CPU
		{8A90DBF4-AA36-4E98-A11C-9A7B2BAB6344}.Release|Any CPU.Build.0 = Release|Any CPU
	EndGlobalSection
	GlobalSection(SolutionProperties) = preSolution
		HideSolutionNode = FALSE
	EndGlobalSection
	GlobalSection(ExtensibilityGlobals) = postSolution
		SolutionGuid = {AB6F726B-6040-40A0-95E2-E9EDE3B09BBD}
	EndGlobalSection
EndGlobal
