
Microsoft Visual Studio Solution File, Format Version 12.00
# Visual Studio Version 17
VisualStudioVersion = 17.5.33516.290
MinimumVisualStudioVersion = 10.0.40219.1
Project("{FAE04EC0-301F-11D3-BF4B-00C04F79EFBC}") = "EX4.3", "EX4.3\EX4.3.csproj", "{BC212E65-D91C-457D-ABEF-C9C20D779036}"
EndProject
Global
	GlobalSection(SolutionConfigurationPlatforms) = preSolution
		Debug|Any CPU = Debug|Any CPU
		Release|Any CPU = Release|Any CPU
	EndGlobalSection
	GlobalSection(ProjectConfigurationPlatforms) = postSolution
		{BC212E65-D91C-457D-ABEF-C9C20D779036}.Debug|Any CPU.ActiveCfg = Debug|Any CPU
		{BC212E65-D91C-457D-ABEF-C9C20D779036}.Debug|Any CPU.Build.0 = Debug|Any CPU
		{BC212E65-D91C-457D-ABEF-C9C20D779036}.Release|Any CPU.ActiveCfg = Release|Any CPU
		{BC212E65-D91C-457D-ABEF-C9C20D779036}.Release|Any CPU.Build.0 = Release|Any CPU
	EndGlobalSection
	GlobalSection(SolutionProperties) = preSolution
		HideSolutionNode = FALSE
	EndGlobalSection
	GlobalSection(ExtensibilityGlobals) = postSolution
		SolutionGuid = {A48E9570-2612-4E27-80D4-73A476FD797B}
	EndGlobalSection
EndGlobal
