
Microsoft Visual Studio Solution File, Format Version 12.00
# Visual Studio Version 17
VisualStudioVersion = 17.5.33516.290
MinimumVisualStudioVersion = 10.0.40219.1
Project("{FAE04EC0-301F-11D3-BF4B-00C04F79EFBC}") = "EX1.2", "EX1.2\EX1.2.csproj", "{2FEE98F7-3C23-434E-B8E6-59D68E0044D7}"
EndProject
Global
	GlobalSection(SolutionConfigurationPlatforms) = preSolution
		Debug|Any CPU = Debug|Any CPU
		Release|Any CPU = Release|Any CPU
	EndGlobalSection
	GlobalSection(ProjectConfigurationPlatforms) = postSolution
		{2FEE98F7-3C23-434E-B8E6-59D68E0044D7}.Debug|Any CPU.ActiveCfg = Debug|Any CPU
		{2FEE98F7-3C23-434E-B8E6-59D68E0044D7}.Debug|Any CPU.Build.0 = Debug|Any CPU
		{2FEE98F7-3C23-434E-B8E6-59D68E0044D7}.Release|Any CPU.ActiveCfg = Release|Any CPU
		{2FEE98F7-3C23-434E-B8E6-59D68E0044D7}.Release|Any CPU.Build.0 = Release|Any CPU
	EndGlobalSection
	GlobalSection(SolutionProperties) = preSolution
		HideSolutionNode = FALSE
	EndGlobalSection
	GlobalSection(ExtensibilityGlobals) = postSolution
		SolutionGuid = {87818A0D-E3AE-4F2C-B8A3-25502F5DA14A}
	EndGlobalSection
EndGlobal
