
Microsoft Visual Studio Solution File, Format Version 12.00
# Visual Studio Version 17
VisualStudioVersion = 17.5.33516.290
MinimumVisualStudioVersion = 10.0.40219.1
Project("{FAE04EC0-301F-11D3-BF4B-00C04F79EFBC}") = "Lection2", "Lection2\Lection2.csproj", "{DCA64478-7785-48C0-95AD-AB2FAD57DF1B}"
EndProject
Global
	GlobalSection(SolutionConfigurationPlatforms) = preSolution
		Debug|Any CPU = Debug|Any CPU
		Release|Any CPU = Release|Any CPU
	EndGlobalSection
	GlobalSection(ProjectConfigurationPlatforms) = postSolution
		{DCA64478-7785-48C0-95AD-AB2FAD57DF1B}.Debug|Any CPU.ActiveCfg = Debug|Any CPU
		{DCA64478-7785-48C0-95AD-AB2FAD57DF1B}.Debug|Any CPU.Build.0 = Debug|Any CPU
		{DCA64478-7785-48C0-95AD-AB2FAD57DF1B}.Release|Any CPU.ActiveCfg = Release|Any CPU
		{DCA64478-7785-48C0-95AD-AB2FAD57DF1B}.Release|Any CPU.Build.0 = Release|Any CPU
	EndGlobalSection
	GlobalSection(SolutionProperties) = preSolution
		HideSolutionNode = FALSE
	EndGlobalSection
	GlobalSection(ExtensibilityGlobals) = postSolution
		SolutionGuid = {25B7C663-DFF7-4002-BFD8-2C45BDE2F9EF}
	EndGlobalSection
EndGlobal
